
Microsoft Visual Studio Solution File, Format Version 12.00
# Visual Studio 14
VisualStudioVersion = 14.0.25420.1
MinimumVisualStudioVersion = 10.0.40219.1
Project("{FAE04EC0-301F-11D3-BF4B-00C04F79EFBC}") = "JeuLeap", "JeuLeap\JeuLeap.csproj", "{9738CC29-49FE-43F7-BCFB-7F2CE7F0AB56}"
EndProject
Project("{FAE04EC0-301F-11D3-BF4B-00C04F79EFBC}") = "Moteur", "Moteur\Moteur.csproj", "{27230D00-1468-4016-843C-1ACDC7917E5A}"
EndProject
Project("{FAE04EC0-301F-11D3-BF4B-00C04F79EFBC}") = "Tests", "Tests\Tests.csproj", "{C883C8E8-CC97-4366-A06F-A4B0905BBA79}"
EndProject
Global
	GlobalSection(SolutionConfigurationPlatforms) = preSolution
		Debug|Any CPU = Debug|Any CPU
		Release|Any CPU = Release|Any CPU
	EndGlobalSection
	GlobalSection(ProjectConfigurationPlatforms) = postSolution
		{9738CC29-49FE-43F7-BCFB-7F2CE7F0AB56}.Debug|Any CPU.ActiveCfg = Debug|Any CPU
		{9738CC29-49FE-43F7-BCFB-7F2CE7F0AB56}.Debug|Any CPU.Build.0 = Debug|Any CPU
		{9738CC29-49FE-43F7-BCFB-7F2CE7F0AB56}.Release|Any CPU.ActiveCfg = Release|Any CPU
		{9738CC29-49FE-43F7-BCFB-7F2CE7F0AB56}.Release|Any CPU.Build.0 = Release|Any CPU
		{27230D00-1468-4016-843C-1ACDC7917E5A}.Debug|Any CPU.ActiveCfg = Debug|Any CPU
		{27230D00-1468-4016-843C-1ACDC7917E5A}.Debug|Any CPU.Build.0 = Debug|Any CPU
		{27230D00-1468-4016-843C-1ACDC7917E5A}.Release|Any CPU.ActiveCfg = Release|Any CPU
		{27230D00-1468-4016-843C-1ACDC7917E5A}.Release|Any CPU.Build.0 = Release|Any CPU
		{C883C8E8-CC97-4366-A06F-A4B0905BBA79}.Debug|Any CPU.ActiveCfg = Debug|Any CPU
		{C883C8E8-CC97-4366-A06F-A4B0905BBA79}.Debug|Any CPU.Build.0 = Debug|Any CPU
		{C883C8E8-CC97-4366-A06F-A4B0905BBA79}.Release|Any CPU.ActiveCfg = Release|Any CPU
		{C883C8E8-CC97-4366-A06F-A4B0905BBA79}.Release|Any CPU.Build.0 = Release|Any CPU
	EndGlobalSection
	GlobalSection(SolutionProperties) = preSolution
		HideSolutionNode = FALSE
	EndGlobalSection
EndGlobal
